
Microsoft Visual Studio Solution File, Format Version 12.00
# Visual Studio Version 17
VisualStudioVersion = 17.14.35806.103 d17.14
MinimumVisualStudioVersion = 10.0.40219.1
Project("{FAE04EC0-301F-11D3-BF4B-00C04F79EFBC}") = "WebApi", "WebApi\WebApi.csproj", "{06A1159B-67C1-437F-BBFD-406930881110}"
EndProject
Global
	GlobalSection(SolutionConfigurationPlatforms) = preSolution
		Debug|Any CPU = Debug|Any CPU
		Release|Any CPU = Release|Any CPU
	EndGlobalSection
	GlobalSection(ProjectConfigurationPlatforms) = postSolution
		{06A1159B-67C1-437F-BBFD-406930881110}.Debug|Any CPU.ActiveCfg = Debug|Any CPU
		{06A1159B-67C1-437F-BBFD-406930881110}.Debug|Any CPU.Build.0 = Debug|Any CPU
		{06A1159B-67C1-437F-BBFD-406930881110}.Release|Any CPU.ActiveCfg = Release|Any CPU
		{06A1159B-67C1-437F-BBFD-406930881110}.Release|Any CPU.Build.0 = Release|Any CPU
	EndGlobalSection
	GlobalSection(SolutionProperties) = preSolution
		HideSolutionNode = FALSE
	EndGlobalSection
	GlobalSection(ExtensibilityGlobals) = postSolution
		SolutionGuid = {16C4A867-DE32-4B27-BCC0-14EB5131E078}
	EndGlobalSection
EndGlobal
